
Microsoft Visual Studio Solution File, Format Version 12.00
# Visual Studio Version 17
VisualStudioVersion = 17.3.32804.467
MinimumVisualStudioVersion = 10.0.40219.1
Project("{FAE04EC0-301F-11D3-BF4B-00C04F79EFBC}") = "ConsoleApp1", "ConsoleApp1\ConsoleApp1.csproj", "{4E131E17-ACFB-40DF-9970-BB072CDCF02B}"
EndProject
Global
	GlobalSection(SolutionConfigurationPlatforms) = preSolution
		Debug|Any CPU = Debug|Any CPU
		Release|Any CPU = Release|Any CPU
	EndGlobalSection
	GlobalSection(ProjectConfigurationPlatforms) = postSolution
		{4E131E17-ACFB-40DF-9970-BB072CDCF02B}.Debug|Any CPU.ActiveCfg = Debug|Any CPU
		{4E131E17-ACFB-40DF-9970-BB072CDCF02B}.Debug|Any CPU.Build.0 = Debug|Any CPU
		{4E131E17-ACFB-40DF-9970-BB072CDCF02B}.Release|Any CPU.ActiveCfg = Release|Any CPU
		{4E131E17-ACFB-40DF-9970-BB072CDCF02B}.Release|Any CPU.Build.0 = Release|Any CPU
	EndGlobalSection
	GlobalSection(SolutionProperties) = preSolution
		HideSolutionNode = FALSE
	EndGlobalSection
	GlobalSection(ExtensibilityGlobals) = postSolution
		SolutionGuid = {09C9295C-3F00-4AAE-9A75-0A127B597DCC}
	EndGlobalSection
EndGlobal
